<?xml version="1.0" encoding="utf-8"?>
<Project ToolsVersion="4.0" xmlns="http://schemas.microsoft.com/developer/msbuild/2003">
  <ItemGroup>
    <Filter Include="Source Files">
      <UniqueIdentifier>{4FC737F1-C7A5-4376-A066-2A32D752A2FF}</UniqueIdentifier>
      <Extensions>cpp;c;cc;cxx;c++;cppm;ixx;def;odl;idl;hpj;bat;asm;asmx</Extensions>
    </Filter>
    <Filter Include="Header Files">
      <UniqueIdentifier>{93995380-89BD-4b04-88EB-625FBE52EBFB}</UniqueIdentifier>
      <Extensions>h;hh;hpp;hxx;h++;hm;inl;inc;ipp;xsd</Extensions>
    </Filter>
    <Filter Include="Resource Files">
      <UniqueIdentifier>{67DA6AB6-F800-4c08-8B7A-83BB121AAD01}</UniqueIdentifier>
      <Extensions>rc;ico;cur;bmp;dlg;rc2;rct;bin;rgs;gif;jpg;jpeg;jpe;resx;tiff;tif;png;wav;mfcribbon-ms</Extensions>
    </Filter>
    <Filter Include="Source Files\Rendering">
      <UniqueIdentifier>{10ec71ca-1679-45aa-b9d0-1a45a06383f8}</UniqueIdentifier>
    </Filter>
    <Filter Include="Header Files\Rendering">
      <UniqueIdentifier>{4b5c23e1-2bca-4ed1-825c-0ff1f5d7d809}</UniqueIdentifier>
    </Filter>
    <Filter Include="Header Files\Core">
      <UniqueIdentifier>{4203bfc3-0ca3-492e-87a5-e52433a5a48b}</UniqueIdentifier>
    </Filter>
    <Filter Include="Header Files\Builders">
      <UniqueIdentifier>{e7475b5d-86ab-4eda-8def-f8f1c17e03cd}</UniqueIdentifier>
    </Filter>
    <Filter Include="Header Files\Resources">
      <UniqueIdentifier>{4c46e2e5-913b-4219-a738-16ae2478aee9}</UniqueIdentifier>
    </Filter>
    <Filter Include="Source Files\Resources">
      <UniqueIdentifier>{8fb4cd0f-485d-4aa2-8909-b6ce74ab546d}</UniqueIdentifier>
    </Filter>
    <Filter Include="Source Files\Builders">
      <UniqueIdentifier>{d0bbd9e3-4655-4d48-9633-de79710323e1}</UniqueIdentifier>
    </Filter>
    <Filter Include="Source Files\Maths">
      <UniqueIdentifier>{353b9b8e-7b1e-4a39-a1b2-e445901b43b4}</UniqueIdentifier>
    </Filter>
    <Filter Include="Header Files\Shaders">
      <UniqueIdentifier>{58a76615-7c10-47c7-8440-e40c96a2891c}</UniqueIdentifier>
    </Filter>
    <Filter Include="Source Files\Shaders">
      <UniqueIdentifier>{20527826-536f-4232-ba59-095e7b16066a}</UniqueIdentifier>
    </Filter>
  </ItemGroup>
  <ItemGroup>
    <ClInclude Include="pch.h">
      <Filter>Header Files</Filter>
    </ClInclude>
    <ClInclude Include="include\Canvas.h">
      <Filter>Header Files\Rendering</Filter>
    </ClInclude>
    <ClInclude Include="include\DVF.h">
      <Filter>Header Files\Core</Filter>
    </ClInclude>
    <ClInclude Include="include\Texture2DResource.h">
      <Filter>Header Files\Resources</Filter>
    </ClInclude>
    <ClInclude Include="include\RDevice.h">
      <Filter>Header Files\Rendering</Filter>
    </ClInclude>
    <ClInclude Include="include\TextureCommon.h">
      <Filter>Header Files\Builders</Filter>
    </ClInclude>
    <ClInclude Include="include\ShaderPart.h">
      <Filter>Header Files\Shaders</Filter>
    </ClInclude>
    <ClInclude Include="include\ComputeSh.h">
      <Filter>Header Files\Shaders</Filter>
    </ClInclude>
    <ClInclude Include="include\ShaderComponents.h">
      <Filter>Header Files\Shaders</Filter>
    </ClInclude>
    <ClInclude Include="include\ShaderBuilder.h">
      <Filter>Header Files\Builders</Filter>
    </ClInclude>
  </ItemGroup>
  <ItemGroup>
    <ClCompile Include="pch.cpp">
      <Filter>Source Files</Filter>
    </ClCompile>
    <ClCompile Include="source\Canvas.cpp">
      <Filter>Source Files\Rendering</Filter>
    </ClCompile>
    <ClCompile Include="source\Texture2DResource.cpp">
      <Filter>Source Files\Resources</Filter>
    </ClCompile>
    <ClCompile Include="source\RDevice.cpp">
      <Filter>Source Files\Rendering</Filter>
    </ClCompile>
    <ClCompile Include="source\TextureCommon.cpp">
      <Filter>Source Files\Builders</Filter>
    </ClCompile>
    <ClCompile Include="source\ShaderPart.cpp">
      <Filter>Source Files\Shaders</Filter>
    </ClCompile>
    <ClCompile Include="source\ComputeSh.cpp">
      <Filter>Source Files\Shaders</Filter>
    </ClCompile>
    <ClCompile Include="source\ShaderComponents.cpp">
      <Filter>Source Files\Shaders</Filter>
    </ClCompile>
    <ClCompile Include="source\ShaderBuilder.cpp">
      <Filter>Source Files\Builders</Filter>
    </ClCompile>
  </ItemGroup>
</Project>